
Microsoft Visual Studio Solution File, Format Version 12.00
# Visual Studio Version 17
VisualStudioVersion = 17.6.33815.320
MinimumVisualStudioVersion = 10.0.40219.1
Project("{FAE04EC0-301F-11D3-BF4B-00C04F79EFBC}") = "Day3", "Day3\Day3.csproj", "{057D1B23-36B2-4384-A426-5DD83E2D855E}"
EndProject
Global
	GlobalSection(SolutionConfigurationPlatforms) = preSolution
		Debug|Any CPU = Debug|Any CPU
		Release|Any CPU = Release|Any CPU
	EndGlobalSection
	GlobalSection(ProjectConfigurationPlatforms) = postSolution
		{057D1B23-36B2-4384-A426-5DD83E2D855E}.Debug|Any CPU.ActiveCfg = Debug|Any CPU
		{057D1B23-36B2-4384-A426-5DD83E2D855E}.Debug|Any CPU.Build.0 = Debug|Any CPU
		{057D1B23-36B2-4384-A426-5DD83E2D855E}.Release|Any CPU.ActiveCfg = Release|Any CPU
		{057D1B23-36B2-4384-A426-5DD83E2D855E}.Release|Any CPU.Build.0 = Release|Any CPU
	EndGlobalSection
	GlobalSection(SolutionProperties) = preSolution
		HideSolutionNode = FALSE
	EndGlobalSection
	GlobalSection(ExtensibilityGlobals) = postSolution
		SolutionGuid = {E5B18B87-66D8-4220-A339-299A396A8D7F}
	EndGlobalSection
EndGlobal
